// !$*UTF8*$!
{
	archiveVersion = 1;
	classes = {
	};
	objectVersion = 56;
	objects = {

/* Begin PBXBuildFile section */
		4BCA16D22B4A873A004367C3 /* EtropusApp.swift in Sources */ = {isa = PBXBuildFile; fileRef = 4BCA16D12B4A873A004367C3 /* EtropusApp.swift */; };
		4BCA16D42B4A873A004367C3 /* EtropusData.swift in Sources */ = {isa = PBXBuildFile; fileRef = 4BCA16D32B4A873A004367C3 /* EtropusData.swift */; };
		4BCA16D62B4A873C004367C3 /* Assets.xcassets in Resources */ = {isa = PBXBuildFile; fileRef = 4BCA16D52B4A873C004367C3 /* Assets.xcassets */; };
		4BCA16D92B4A873C004367C3 /* Preview Assets.xcassets in Resources */ = {isa = PBXBuildFile; fileRef = 4BCA16D82B4A873C004367C3 /* Preview Assets.xcassets */; };
		4BCA16DB2B4A873C004367C3 /* Persistence.swift in Sources */ = {isa = PBXBuildFile; fileRef = 4BCA16DA2B4A873C004367C3 /* Persistence.swift */; };
		4BCA16DE2B4A873C004367C3 /* Etropus.xcdatamodeld in Sources */ = {isa = PBXBuildFile; fileRef = 4BCA16DC2B4A873C004367C3 /* Etropus.xcdatamodeld */; };
		4BCA16E82B4A873C004367C3 /* EtropusBlockchainTests.swift in Sources */ = {isa = PBXBuildFile; fileRef = 4BCA16E72B4A873C004367C3 /* EtropusBlockchainTests.swift */; };
		4BCA16F22B4A873C004367C3 /* EtropusBlockchainUITests.swift in Sources */ = {isa = PBXBuildFile; fileRef = 4BCA16F12B4A873C004367C3 /* EtropusBlockchainUITests.swift */; };
		4BCA16F42B4A873C004367C3 /* EtropusBlockchainUITestsLaunchTests.swift in Sources */ = {isa = PBXBuildFile; fileRef = 4BCA16F32B4A873C004367C3 /* EtropusBlockchainUITestsLaunchTests.swift */; };
		4BCA17012B4A8A9C004367C3 /* EtropusListView.swift in Sources */ = {isa = PBXBuildFile; fileRef = 4BCA17002B4A8A9C004367C3 /* EtropusListView.swift */; };
		4BCA17032B4A8ACC004367C3 /* AddEtropusView.swift in Sources */ = {isa = PBXBuildFile; fileRef = 4BCA17022B4A8ACC004367C3 /* AddEtropusView.swift */; };
		4BCA17052B4A8AEC004367C3 /* EditEtropusView.swift in Sources */ = {isa = PBXBuildFile; fileRef = 4BCA17042B4A8AEC004367C3 /* EditEtropusView.swift */; };
		4BCA17072B4A8B01004367C3 /* EtropusDetailView.swift in Sources */ = {isa = PBXBuildFile; fileRef = 4BCA17062B4A8B01004367C3 /* EtropusDetailView.swift */; };
		4BCA17092B4B7CE5004367C3 /* Documentacao.swift in Sources */ = {isa = PBXBuildFile; fileRef = 4BCA17082B4B7CE4004367C3 /* Documentacao.swift */; };
/* End PBXBuildFile section */

/* Begin PBXContainerItemProxy section */
		4BCA16E42B4A873C004367C3 /* PBXContainerItemProxy */ = {
			isa = PBXContainerItemProxy;
			containerPortal = 4BCA16C62B4A873A004367C3 /* Project object */;
			proxyType = 1;
			remoteGlobalIDString = 4BCA16CD2B4A873A004367C3;
			remoteInfo = Etropus;
		};
		4BCA16EE2B4A873C004367C3 /* PBXContainerItemProxy */ = {
			isa = PBXContainerItemProxy;
			containerPortal = 4BCA16C62B4A873A004367C3 /* Project object */;
			proxyType = 1;
			remoteGlobalIDString = 4BCA16CD2B4A873A004367C3;
			remoteInfo = Etropus;
		};
/* End PBXContainerItemProxy section */

/* Begin PBXFileReference section */
		4BCA16CE2B4A873A004367C3 /* EtropusBlockchain.app */ = {isa = PBXFileReference; explicitFileType = wrapper.application; includeInIndex = 0; path = EtropusBlockchain.app; sourceTree = BUILT_PRODUCTS_DIR; };
		4BCA16D12B4A873A004367C3 /* EtropusApp.swift */ = {isa = PBXFileReference; lastKnownFileType = sourcecode.swift; path = EtropusApp.swift; sourceTree = "<group>"; };
		4BCA16D32B4A873A004367C3 /* EtropusData.swift */ = {isa = PBXFileReference; lastKnownFileType = sourcecode.swift; path = EtropusData.swift; sourceTree = "<group>"; };
		4BCA16D52B4A873C004367C3 /* Assets.xcassets */ = {isa = PBXFileReference; lastKnownFileType = folder.assetcatalog; path = Assets.xcassets; sourceTree = "<group>"; };
		4BCA16D82B4A873C004367C3 /* Preview Assets.xcassets */ = {isa = PBXFileReference; lastKnownFileType = folder.assetcatalog; path = "Preview Assets.xcassets"; sourceTree = "<group>"; };
		4BCA16DA2B4A873C004367C3 /* Persistence.swift */ = {isa = PBXFileReference; lastKnownFileType = sourcecode.swift; path = Persistence.swift; sourceTree = "<group>"; };
		4BCA16DD2B4A873C004367C3 /* Etropus.xcdatamodel */ = {isa = PBXFileReference; lastKnownFileType = wrapper.xcdatamodel; path = Etropus.xcdatamodel; sourceTree = "<group>"; };
		4BCA16E32B4A873C004367C3 /* EtropusBlockchainTests.xctest */ = {isa = PBXFileReference; explicitFileType = wrapper.cfbundle; includeInIndex = 0; path = EtropusBlockchainTests.xctest; sourceTree = BUILT_PRODUCTS_DIR; };
		4BCA16E72B4A873C004367C3 /* EtropusBlockchainTests.swift */ = {isa = PBXFileReference; lastKnownFileType = sourcecode.swift; path = EtropusBlockchainTests.swift; sourceTree = "<group>"; };
		4BCA16ED2B4A873C004367C3 /* EtropusBlockchainUITests.xctest */ = {isa = PBXFileReference; explicitFileType = wrapper.cfbundle; includeInIndex = 0; path = EtropusBlockchainUITests.xctest; sourceTree = BUILT_PRODUCTS_DIR; };
		4BCA16F12B4A873C004367C3 /* EtropusBlockchainUITests.swift */ = {isa = PBXFileReference; lastKnownFileType = sourcecode.swift; path = EtropusBlockchainUITests.swift; sourceTree = "<group>"; };
		4BCA16F32B4A873C004367C3 /* EtropusBlockchainUITestsLaunchTests.swift */ = {isa = PBXFileReference; lastKnownFileType = sourcecode.swift; path = EtropusBlockchainUITestsLaunchTests.swift; sourceTree = "<group>"; };
		4BCA17002B4A8A9C004367C3 /* EtropusListView.swift */ = {isa = PBXFileReference; lastKnownFileType = sourcecode.swift; path = EtropusListView.swift; sourceTree = "<group>"; };
		4BCA17022B4A8ACC004367C3 /* AddEtropusView.swift */ = {isa = PBXFileReference; lastKnownFileType = sourcecode.swift; path = AddEtropusView.swift; sourceTree = "<group>"; };
		4BCA17042B4A8AEC004367C3 /* EditEtropusView.swift */ = {isa = PBXFileReference; lastKnownFileType = sourcecode.swift; path = EditEtropusView.swift; sourceTree = "<group>"; };
		4BCA17062B4A8B01004367C3 /* EtropusDetailView.swift */ = {isa = PBXFileReference; lastKnownFileType = sourcecode.swift; path = EtropusDetailView.swift; sourceTree = "<group>"; };
		4BCA17082B4B7CE4004367C3 /* Documentacao.swift */ = {isa = PBXFileReference; lastKnownFileType = sourcecode.swift; path = Documentacao.swift; sourceTree = "<group>"; };
/* End PBXFileReference section */

/* Begin PBXFrameworksBuildPhase section */
		4BCA16CB2B4A873A004367C3 /* Frameworks */ = {
			isa = PBXFrameworksBuildPhase;
			buildActionMask = 2147483647;
			files = (
			);
			runOnlyForDeploymentPostprocessing = 0;
		};
		4BCA16E02B4A873C004367C3 /* Frameworks */ = {
			isa = PBXFrameworksBuildPhase;
			buildActionMask = 2147483647;
			files = (
			);
			runOnlyForDeploymentPostprocessing = 0;
		};
		4BCA16EA2B4A873C004367C3 /* Frameworks */ = {
			isa = PBXFrameworksBuildPhase;
			buildActionMask = 2147483647;
			files = (
			);
			runOnlyForDeploymentPostprocessing = 0;
		};
/* End PBXFrameworksBuildPhase section */

/* Begin PBXGroup section */
		4BCA16C52B4A873A004367C3 = {
			isa = PBXGroup;
			children = (
				4BCA16D02B4A873A004367C3 /* Etropus */,
				4BCA16E62B4A873C004367C3 /* EtropusTests */,
				4BCA16F02B4A873C004367C3 /* EtropusUITests */,
				4BCA16CF2B4A873A004367C3 /* Products */,
			);
			sourceTree = "<group>";
		};
		4BCA16CF2B4A873A004367C3 /* Products */ = {
			isa = PBXGroup;
			children = (
				4BCA16CE2B4A873A004367C3 /* EtropusBlockchain.app */,
				4BCA16E32B4A873C004367C3 /* EtropusBlockchainTests.xctest */,
				4BCA16ED2B4A873C004367C3 /* EtropusBlockchainUITests.xctest */,
			);
			name = Products;
			sourceTree = "<group>";
		};
		4BCA16D02B4A873A004367C3 /* Etropus */ = {
			isa = PBXGroup;
			children = (
				4BCA17082B4B7CE4004367C3 /* Documentacao.swift */,
				4BCA16D12B4A873A004367C3 /* EtropusApp.swift */,
				4BCA16D32B4A873A004367C3 /* EtropusData.swift */,
				4BCA17002B4A8A9C004367C3 /* EtropusListView.swift */,
				4BCA17022B4A8ACC004367C3 /* AddEtropusView.swift */,
				4BCA17042B4A8AEC004367C3 /* EditEtropusView.swift */,
				4BCA17062B4A8B01004367C3 /* EtropusDetailView.swift */,
				4BCA16D52B4A873C004367C3 /* Assets.xcassets */,
				4BCA16DA2B4A873C004367C3 /* Persistence.swift */,
				4BCA16DC2B4A873C004367C3 /* Etropus.xcdatamodeld */,
				4BCA16D72B4A873C004367C3 /* Preview Content */,
			);
			path = Etropus;
			sourceTree = "<group>";
		};
		4BCA16D72B4A873C004367C3 /* Preview Content */ = {
			isa = PBXGroup;
			children = (
				4BCA16D82B4A873C004367C3 /* Preview Assets.xcassets */,
			);
			path = "Preview Content";
			sourceTree = "<group>";
		};
		4BCA16E62B4A873C004367C3 /* EtropusTests */ = {
			isa = PBXGroup;
			children = (
				4BCA16E72B4A873C004367C3 /* EtropusBlockchainTests.swift */,
			);
			path = EtropusTests;
			sourceTree = "<group>";
		};
		4BCA16F02B4A873C004367C3 /* EtropusUITests */ = {
			isa = PBXGroup;
			children = (
				4BCA16F12B4A873C004367C3 /* EtropusBlockchainUITests.swift */,
				4BCA16F32B4A873C004367C3 /* EtropusBlockchainUITestsLaunchTests.swift */,
			);
			path = EtropusUITests;
			sourceTree = "<group>";
		};
/* End PBXGroup section */

/* Begin PBXNativeTarget section */
		4BCA16CD2B4A873A004367C3 /* EtropusBlockchain */ = {
			isa = PBXNativeTarget;
			buildConfigurationList = 4BCA16F72B4A873C004367C3 /* Build configuration list for PBXNativeTarget "EtropusBlockchain" */;
			buildPhases = (
				4BCA16CA2B4A873A004367C3 /* Sources */,
				4BCA16CB2B4A873A004367C3 /* Frameworks */,
				4BCA16CC2B4A873A004367C3 /* Resources */,
			);
			buildRules = (
			);
			dependencies = (
			);
			name = EtropusBlockchain;
			productName = Etropus;
			productReference = 4BCA16CE2B4A873A004367C3 /* EtropusBlockchain.app */;
			productType = "com.apple.product-type.application";
		};
		4BCA16E22B4A873C004367C3 /* EtropusBlockchainTests */ = {
			isa = PBXNativeTarget;
			buildConfigurationList = 4BCA16FA2B4A873C004367C3 /* Build configuration list for PBXNativeTarget "EtropusBlockchainTests" */;
			buildPhases = (
				4BCA16DF2B4A873C004367C3 /* Sources */,
				4BCA16E02B4A873C004367C3 /* Frameworks */,
				4BCA16E12B4A873C004367C3 /* Resources */,
			);
			buildRules = (
			);
			dependencies = (
				4BCA16E52B4A873C004367C3 /* PBXTargetDependency */,
			);
			name = EtropusBlockchainTests;
			productName = EtropusTests;
			productReference = 4BCA16E32B4A873C004367C3 /* EtropusBlockchainTests.xctest */;
			productType = "com.apple.product-type.bundle.unit-test";
		};
		4BCA16EC2B4A873C004367C3 /* EtropusBlockchainUITests */ = {
			isa = PBXNativeTarget;
			buildConfigurationList = 4BCA16FD2B4A873C004367C3 /* Build configuration list for PBXNativeTarget "EtropusBlockchainUITests" */;
			buildPhases = (
				4BCA16E92B4A873C004367C3 /* Sources */,
				4BCA16EA2B4A873C004367C3 /* Frameworks */,
				4BCA16EB2B4A873C004367C3 /* Resources */,
			);
			buildRules = (
			);
			dependencies = (
				4BCA16EF2B4A873C004367C3 /* PBXTargetDependency */,
			);
			name = EtropusBlockchainUITests;
			productName = EtropusUITests;
			productReference = 4BCA16ED2B4A873C004367C3 /* EtropusBlockchainUITests.xctest */;
			productType = "com.apple.product-type.bundle.ui-testing";
		};
/* End PBXNativeTarget section */

/* Begin PBXProject section */
		4BCA16C62B4A873A004367C3 /* Project object */ = {
			isa = PBXProject;
			attributes = {
				BuildIndependentTargetsInParallel = 1;
				LastSwiftUpdateCheck = 1430;
				LastUpgradeCheck = 1430;
				TargetAttributes = {
					4BCA16CD2B4A873A004367C3 = {
						CreatedOnToolsVersion = 14.3.1;
					};
					4BCA16E22B4A873C004367C3 = {
						CreatedOnToolsVersion = 14.3.1;
						TestTargetID = 4BCA16CD2B4A873A004367C3;
					};
					4BCA16EC2B4A873C004367C3 = {
						CreatedOnToolsVersion = 14.3.1;
						TestTargetID = 4BCA16CD2B4A873A004367C3;
					};
				};
			};
			buildConfigurationList = 4BCA16C92B4A873A004367C3 /* Build configuration list for PBXProject "EtropusBlockchain" */;
			compatibilityVersion = "Xcode 14.0";
			developmentRegion = en;
			hasScannedForEncodings = 0;
			knownRegions = (
				en,
				Base,
			);
			mainGroup = 4BCA16C52B4A873A004367C3;
			productRefGroup = 4BCA16CF2B4A873A004367C3 /* Products */;
			projectDirPath = "";
			projectRoot = "";
			targets = (
				4BCA16CD2B4A873A004367C3 /* EtropusBlockchain */,
				4BCA16E22B4A873C004367C3 /* EtropusBlockchainTests */,
				4BCA16EC2B4A873C004367C3 /* EtropusBlockchainUITests */,
			);
		};
/* End PBXProject section */

/* Begin PBXResourcesBuildPhase section */
		4BCA16CC2B4A873A004367C3 /* Resources */ = {
			isa = PBXResourcesBuildPhase;
			buildActionMask = 2147483647;
			files = (
				4BCA16D92B4A873C004367C3 /* Preview Assets.xcassets in Resources */,
				4BCA16D62B4A873C004367C3 /* Assets.xcassets in Resources */,
			);
			runOnlyForDeploymentPostprocessing = 0;
		};
		4BCA16E12B4A873C004367C3 /* Resources */ = {
			isa = PBXResourcesBuildPhase;
			buildActionMask = 2147483647;
			files = (
			);
			runOnlyForDeploymentPostprocessing = 0;
		};
		4BCA16EB2B4A873C004367C3 /* Resources */ = {
			isa = PBXResourcesBuildPhase;
			buildActionMask = 2147483647;
			files = (
			);
			runOnlyForDeploymentPostprocessing = 0;
		};
/* End PBXResourcesBuildPhase section */

/* Begin PBXSourcesBuildPhase section */
		4BCA16CA2B4A873A004367C3 /* Sources */ = {
			isa = PBXSourcesBuildPhase;
			buildActionMask = 2147483647;
			files = (
				4BCA16DB2B4A873C004367C3 /* Persistence.swift in Sources */,
				4BCA16D42B4A873A004367C3 /* EtropusData.swift in Sources */,
				4BCA17072B4A8B01004367C3 /* EtropusDetailView.swift in Sources */,
				4BCA17012B4A8A9C004367C3 /* EtropusListView.swift in Sources */,
				4BCA17092B4B7CE5004367C3 /* Documentacao.swift in Sources */,
				4BCA17032B4A8ACC004367C3 /* AddEtropusView.swift in Sources */,
				4BCA16DE2B4A873C004367C3 /* Etropus.xcdatamodeld in Sources */,
				4BCA17052B4A8AEC004367C3 /* EditEtropusView.swift in Sources */,
				4BCA16D22B4A873A004367C3 /* EtropusApp.swift in Sources */,
			);
			runOnlyForDeploymentPostprocessing = 0;
		};
		4BCA16DF2B4A873C004367C3 /* Sources */ = {
			isa = PBXSourcesBuildPhase;
			buildActionMask = 2147483647;
			files = (
				4BCA16E82B4A873C004367C3 /* EtropusBlockchainTests.swift in Sources */,
			);
			runOnlyForDeploymentPostprocessing = 0;
		};
		4BCA16E92B4A873C004367C3 /* Sources */ = {
			isa = PBXSourcesBuildPhase;
			buildActionMask = 2147483647;
			files = (
				4BCA16F22B4A873C004367C3 /* EtropusBlockchainUITests.swift in Sources */,
				4BCA16F42B4A873C004367C3 /* EtropusBlockchainUITestsLaunchTests.swift in Sources */,
			);
			runOnlyForDeploymentPostprocessing = 0;
		};
/* End PBXSourcesBuildPhase section */

/* Begin PBXTargetDependency section */
		4BCA16E52B4A873C004367C3 /* PBXTargetDependency */ = {
			isa = PBXTargetDependency;
			target = 4BCA16CD2B4A873A004367C3 /* EtropusBlockchain */;
			targetProxy = 4BCA16E42B4A873C004367C3 /* PBXContainerItemProxy */;
		};
		4BCA16EF2B4A873C004367C3 /* PBXTargetDependency */ = {
			isa = PBXTargetDependency;
			target = 4BCA16CD2B4A873A004367C3 /* EtropusBlockchain */;
			targetProxy = 4BCA16EE2B4A873C004367C3 /* PBXContainerItemProxy */;
		};
/* End PBXTargetDependency section */

/* Begin XCBuildConfiguration section */
		4BCA16F52B4A873C004367C3 /* Debug */ = {
			isa = XCBuildConfiguration;
			buildSettings = {
				ALWAYS_SEARCH_USER_PATHS = NO;
				CLANG_ANALYZER_NONNULL = YES;
				CLANG_ANALYZER_NUMBER_OBJECT_CONVERSION = YES_AGGRESSIVE;
				CLANG_CXX_LANGUAGE_STANDARD = "gnu++20";
				CLANG_ENABLE_MODULES = YES;
				CLANG_ENABLE_OBJC_ARC = YES;
				CLANG_ENABLE_OBJC_WEAK = YES;
				CLANG_WARN_BLOCK_CAPTURE_AUTORELEASING = YES;
				CLANG_WARN_BOOL_CONVERSION = YES;
				CLANG_WARN_COMMA = YES;
				CLANG_WARN_CONSTANT_CONVERSION = YES;
				CLANG_WARN_DEPRECATED_OBJC_IMPLEMENTATIONS = YES;
				CLANG_WARN_DIRECT_OBJC_ISA_USAGE = YES_ERROR;
				CLANG_WARN_DOCUMENTATION_COMMENTS = YES;
				CLANG_WARN_EMPTY_BODY = YES;
				CLANG_WARN_ENUM_CONVERSION = YES;
				CLANG_WARN_INFINITE_RECURSION = YES;
				CLANG_WARN_INT_CONVERSION = YES;
				CLANG_WARN_NON_LITERAL_NULL_CONVERSION = YES;
				CLANG_WARN_OBJC_IMPLICIT_RETAIN_SELF = YES;
				CLANG_WARN_OBJC_LITERAL_CONVERSION = YES;
				CLANG_WARN_OBJC_ROOT_CLASS = YES_ERROR;
				CLANG_WARN_QUOTED_INCLUDE_IN_FRAMEWORK_HEADER = YES;
				CLANG_WARN_RANGE_LOOP_ANALYSIS = YES;
				CLANG_WARN_STRICT_PROTOTYPES = YES;
				CLANG_WARN_SUSPICIOUS_MOVE = YES;
				CLANG_WARN_UNGUARDED_AVAILABILITY = YES_AGGRESSIVE;
				CLANG_WARN_UNREACHABLE_CODE = YES;
				CLANG_WARN__DUPLICATE_METHOD_MATCH = YES;
				COPY_PHASE_STRIP = NO;
				DEBUG_INFORMATION_FORMAT = dwarf;
				ENABLE_STRICT_OBJC_MSGSEND = YES;
				ENABLE_TESTABILITY = YES;
				GCC_C_LANGUAGE_STANDARD = gnu11;
				GCC_DYNAMIC_NO_PIC = NO;
				GCC_NO_COMMON_BLOCKS = YES;
				GCC_OPTIMIZATION_LEVEL = 0;
				GCC_PREPROCESSOR_DEFINITIONS = (
					"DEBUG=1",
					"$(inherited)",
				);
				GCC_WARN_64_TO_32_BIT_CONVERSION = YES;
				GCC_WARN_ABOUT_RETURN_TYPE = YES_ERROR;
				GCC_WARN_UNDECLARED_SELECTOR = YES;
				GCC_WARN_UNINITIALIZED_AUTOS = YES_AGGRESSIVE;
				GCC_WARN_UNUSED_FUNCTION = YES;
				GCC_WARN_UNUSED_VARIABLE = YES;
				IPHONEOS_DEPLOYMENT_TARGET = 16.4;
				MTL_ENABLE_DEBUG_INFO = INCLUDE_SOURCE;
				MTL_FAST_MATH = YES;
				ONLY_ACTIVE_ARCH = YES;
				SDKROOT = iphoneos;
				SWIFT_ACTIVE_COMPILATION_CONDITIONS = DEBUG;
				SWIFT_OPTIMIZATION_LEVEL = "-Onone";
			};
			name = Debug;
		};
		4BCA16F62B4A873C004367C3 /* Release */ = {
			isa = XCBuildConfiguration;
			buildSettings = {
				ALWAYS_SEARCH_USER_PATHS = NO;
				CLANG_ANALYZER_NONNULL = YES;
				CLANG_ANALYZER_NUMBER_OBJECT_CONVERSION = YES_AGGRESSIVE;
				CLANG_CXX_LANGUAGE_STANDARD = "gnu++20";
				CLANG_ENABLE_MODULES = YES;
				CLANG_ENABLE_OBJC_ARC = YES;
				CLANG_ENABLE_OBJC_WEAK = YES;
				CLANG_WARN_BLOCK_CAPTURE_AUTORELEASING = YES;
				CLANG_WARN_BOOL_CONVERSION = YES;
				CLANG_WARN_COMMA = YES;
				CLANG_WARN_CONSTANT_CONVERSION = YES;
				CLANG_WARN_DEPRECATED_OBJC_IMPLEMENTATIONS = YES;
				CLANG_WARN_DIRECT_OBJC_ISA_USAGE = YES_ERROR;
				CLANG_WARN_DOCUMENTATION_COMMENTS = YES;
				CLANG_WARN_EMPTY_BODY = YES;
				CLANG_WARN_ENUM_CONVERSION = YES;
				CLANG_WARN_INFINITE_RECURSION = YES;
				CLANG_WARN_INT_CONVERSION = YES;
				CLANG_WARN_NON_LITERAL_NULL_CONVERSION = YES;
				CLANG_WARN_OBJC_IMPLICIT_RETAIN_SELF = YES;
				CLANG_WARN_OBJC_LITERAL_CONVERSION = YES;
				CLANG_WARN_OBJC_ROOT_CLASS = YES_ERROR;
				CLANG_WARN_QUOTED_INCLUDE_IN_FRAMEWORK_HEADER = YES;
				CLANG_WARN_RANGE_LOOP_ANALYSIS = YES;
				CLANG_WARN_STRICT_PROTOTYPES = YES;
				CLANG_WARN_SUSPICIOUS_MOVE = YES;
				CLANG_WARN_UNGUARDED_AVAILABILITY = YES_AGGRESSIVE;
				CLANG_WARN_UNREACHABLE_CODE = YES;
				CLANG_WARN__DUPLICATE_METHOD_MATCH = YES;
				COPY_PHASE_STRIP = NO;
				DEBUG_INFORMATION_FORMAT = "dwarf-with-dsym";
				ENABLE_NS_ASSERTIONS = NO;
				ENABLE_STRICT_OBJC_MSGSEND = YES;
				GCC_C_LANGUAGE_STANDARD = gnu11;
				GCC_NO_COMMON_BLOCKS = YES;
				GCC_WARN_64_TO_32_BIT_CONVERSION = YES;
				GCC_WARN_ABOUT_RETURN_TYPE = YES_ERROR;
				GCC_WARN_UNDECLARED_SELECTOR = YES;
				GCC_WARN_UNINITIALIZED_AUTOS = YES_AGGRESSIVE;
				GCC_WARN_UNUSED_FUNCTION = YES;
				GCC_WARN_UNUSED_VARIABLE = YES;
				IPHONEOS_DEPLOYMENT_TARGET = 16.4;
				MTL_ENABLE_DEBUG_INFO = NO;
				MTL_FAST_MATH = YES;
				SDKROOT = iphoneos;
				SWIFT_COMPILATION_MODE = wholemodule;
				SWIFT_OPTIMIZATION_LEVEL = "-O";
				VALIDATE_PRODUCT = YES;
			};
			name = Release;
		};
		4BCA16F82B4A873C004367C3 /* Debug */ = {
			isa = XCBuildConfiguration;
			buildSettings = {
				ASSETCATALOG_COMPILER_APPICON_NAME = AppIcon;
				ASSETCATALOG_COMPILER_GLOBAL_ACCENT_COLOR_NAME = AccentColor;
				CODE_SIGN_STYLE = Automatic;
				CURRENT_PROJECT_VERSION = 1;
				DEVELOPMENT_ASSET_PATHS = "\"Etropus/Preview Content\"";
				ENABLE_PREVIEWS = YES;
				GENERATE_INFOPLIST_FILE = YES;
				INFOPLIST_KEY_UIApplicationSceneManifest_Generation = YES;
				INFOPLIST_KEY_UIApplicationSupportsIndirectInputEvents = YES;
				INFOPLIST_KEY_UILaunchScreen_Generation = YES;
				INFOPLIST_KEY_UISupportedInterfaceOrientations_iPad = "UIInterfaceOrientationPortrait UIInterfaceOrientationPortraitUpsideDown UIInterfaceOrientationLandscapeLeft UIInterfaceOrientationLandscapeRight";
				INFOPLIST_KEY_UISupportedInterfaceOrientations_iPhone = "UIInterfaceOrientationPortrait UIInterfaceOrientationLandscapeLeft UIInterfaceOrientationLandscapeRight";
				LD_RUNPATH_SEARCH_PATHS = (
					"$(inherited)",
					"@executable_path/Frameworks",
				);
				MARKETING_VERSION = 1.0;
				PRODUCT_BUNDLE_IDENTIFIER = br.com.davidoliveira.EtropusBlockchain;
				PRODUCT_NAME = "$(TARGET_NAME)";
				SWIFT_EMIT_LOC_STRINGS = YES;
				SWIFT_VERSION = 5.0;
				TARGETED_DEVICE_FAMILY = "1,2";
			};
			name = Debug;
		};
		4BCA16F92B4A873C004367C3 /* Release */ = {
			isa = XCBuildConfiguration;
			buildSettings = {
				ASSETCATALOG_COMPILER_APPICON_NAME = AppIcon;
				ASSETCATALOG_COMPILER_GLOBAL_ACCENT_COLOR_NAME = AccentColor;
				CODE_SIGN_STYLE = Automatic;
				CURRENT_PROJECT_VERSION = 1;
				DEVELOPMENT_ASSET_PATHS = "\"Etropus/Preview Content\"";
				ENABLE_PREVIEWS = YES;
				GENERATE_INFOPLIST_FILE = YES;
				INFOPLIST_KEY_UIApplicationSceneManifest_Generation = YES;
				INFOPLIST_KEY_UIApplicationSupportsIndirectInputEvents = YES;
				INFOPLIST_KEY_UILaunchScreen_Generation = YES;
				INFOPLIST_KEY_UISupportedInterfaceOrientations_iPad = "UIInterfaceOrientationPortrait UIInterfaceOrientationPortraitUpsideDown UIInterfaceOrientationLandscapeLeft UIInterfaceOrientationLandscapeRight";
				INFOPLIST_KEY_UISupportedInterfaceOrientations_iPhone = "UIInterfaceOrientationPortrait UIInterfaceOrientationLandscapeLeft UIInterfaceOrientationLandscapeRight";
				LD_RUNPATH_SEARCH_PATHS = (
					"$(inherited)",
					"@executable_path/Frameworks",
				);
				MARKETING_VERSION = 1.0;
				PRODUCT_BUNDLE_IDENTIFIER = br.com.davidoliveira.EtropusBlockchain;
				PRODUCT_NAME = "$(TARGET_NAME)";
				SWIFT_EMIT_LOC_STRINGS = YES;
				SWIFT_VERSION = 5.0;
				TARGETED_DEVICE_FAMILY = "1,2";
			};
			name = Release;
		};
		4BCA16FB2B4A873C004367C3 /* Debug */ = {
			isa = XCBuildConfiguration;
			buildSettings = {
				ALWAYS_EMBED_SWIFT_STANDARD_LIBRARIES = YES;
				BUNDLE_LOADER = "$(TEST_HOST)";
				CODE_SIGN_STYLE = Automatic;
				CURRENT_PROJECT_VERSION = 1;
				GENERATE_INFOPLIST_FILE = YES;
				IPHONEOS_DEPLOYMENT_TARGET = 16.4;
				MARKETING_VERSION = 1.0;
				PRODUCT_BUNDLE_IDENTIFIER = br.com.davidoliveira.EtropusBlockchainTests;
				PRODUCT_NAME = "$(TARGET_NAME)";
				SWIFT_EMIT_LOC_STRINGS = NO;
				SWIFT_VERSION = 5.0;
				TARGETED_DEVICE_FAMILY = "1,2";
				TEST_HOST = "$(BUILT_PRODUCTS_DIR)/EtropusBlockchain.app/$(BUNDLE_EXECUTABLE_FOLDER_PATH)/EtropusBlockchain";
			};
			name = Debug;
		};
		4BCA16FC2B4A873C004367C3 /* Release */ = {
			isa = XCBuildConfiguration;
			buildSettings = {
				ALWAYS_EMBED_SWIFT_STANDARD_LIBRARIES = YES;
				BUNDLE_LOADER = "$(TEST_HOST)";
				CODE_SIGN_STYLE = Automatic;
				CURRENT_PROJECT_VERSION = 1;
				GENERATE_INFOPLIST_FILE = YES;
				IPHONEOS_DEPLOYMENT_TARGET = 16.4;
				MARKETING_VERSION = 1.0;
				PRODUCT_BUNDLE_IDENTIFIER = br.com.davidoliveira.EtropusBlockchainTests;
				PRODUCT_NAME = "$(TARGET_NAME)";
				SWIFT_EMIT_LOC_STRINGS = NO;
				SWIFT_VERSION = 5.0;
				TARGETED_DEVICE_FAMILY = "1,2";
				TEST_HOST = "$(BUILT_PRODUCTS_DIR)/EtropusBlockchain.app/$(BUNDLE_EXECUTABLE_FOLDER_PATH)/EtropusBlockchain";
			};
			name = Release;
		};
		4BCA16FE2B4A873C004367C3 /* Debug */ = {
			isa = XCBuildConfiguration;
			buildSettings = {
				ALWAYS_EMBED_SWIFT_STANDARD_LIBRARIES = YES;
				"CODE_SIGN_IDENTITY[sdk=macosx*]" = "Apple Development";
				CODE_SIGN_STYLE = Automatic;
				CURRENT_PROJECT_VERSION = 1;
				GENERATE_INFOPLIST_FILE = YES;
				MARKETING_VERSION = 1.0;
				PRODUCT_BUNDLE_IDENTIFIER = br.com.davidoliveira.EtropusBlockchainUITests;
				PRODUCT_NAME = "$(TARGET_NAME)";
				SWIFT_EMIT_LOC_STRINGS = NO;
				SWIFT_VERSION = 5.0;
				TARGETED_DEVICE_FAMILY = "1,2";
				TEST_TARGET_NAME = Etropus;
			};
			name = Debug;
		};
		4BCA16FF2B4A873C004367C3 /* Release */ = {
			isa = XCBuildConfiguration;
			buildSettings = {
				ALWAYS_EMBED_SWIFT_STANDARD_LIBRARIES = YES;
				"CODE_SIGN_IDENTITY[sdk=macosx*]" = "Apple Development";
				CODE_SIGN_STYLE = Automatic;
				CURRENT_PROJECT_VERSION = 1;
				GENERATE_INFOPLIST_FILE = YES;
				MARKETING_VERSION = 1.0;
				PRODUCT_BUNDLE_IDENTIFIER = br.com.davidoliveira.EtropusBlockchainUITests;
				PRODUCT_NAME = "$(TARGET_NAME)";
				SWIFT_EMIT_LOC_STRINGS = NO;
				SWIFT_VERSION = 5.0;
				TARGETED_DEVICE_FAMILY = "1,2";
				TEST_TARGET_NAME = Etropus;
			};
			name = Release;
		};
/* End XCBuildConfiguration section */

/* Begin XCConfigurationList section */
		4BCA16C92B4A873A004367C3 /* Build configuration list for PBXProject "EtropusBlockchain" */ = {
			isa = XCConfigurationList;
			buildConfigurations = (
				4BCA16F52B4A873C004367C3 /* Debug */,
				4BCA16F62B4A873C004367C3 /* Release */,
			);
			defaultConfigurationIsVisible = 0;
			defaultConfigurationName = Release;
		};
		4BCA16F72B4A873C004367C3 /* Build configuration list for PBXNativeTarget "EtropusBlockchain" */ = {
			isa = XCConfigurationList;
			buildConfigurations = (
				4BCA16F82B4A873C004367C3 /* Debug */,
				4BCA16F92B4A873C004367C3 /* Release */,
			);
			defaultConfigurationIsVisible = 0;
			defaultConfigurationName = Release;
		};
		4BCA16FA2B4A873C004367C3 /* Build configuration list for PBXNativeTarget "EtropusBlockchainTests" */ = {
			isa = XCConfigurationList;
			buildConfigurations = (
				4BCA16FB2B4A873C004367C3 /* Debug */,
				4BCA16FC2B4A873C004367C3 /* Release */,
			);
			defaultConfigurationIsVisible = 0;
			defaultConfigurationName = Release;
		};
		4BCA16FD2B4A873C004367C3 /* Build configuration list for PBXNativeTarget "EtropusBlockchainUITests" */ = {
			isa = XCConfigurationList;
			buildConfigurations = (
				4BCA16FE2B4A873C004367C3 /* Debug */,
				4BCA16FF2B4A873C004367C3 /* Release */,
			);
			defaultConfigurationIsVisible = 0;
			defaultConfigurationName = Release;
		};
/* End XCConfigurationList section */

/* Begin XCVersionGroup section */
		4BCA16DC2B4A873C004367C3 /* Etropus.xcdatamodeld */ = {
			isa = XCVersionGroup;
			children = (
				4BCA16DD2B4A873C004367C3 /* Etropus.xcdatamodel */,
			);
			currentVersion = 4BCA16DD2B4A873C004367C3 /* Etropus.xcdatamodel */;
			path = Etropus.xcdatamodeld;
			sourceTree = "<group>";
			versionGroupType = wrapper.xcdatamodel;
		};
/* End XCVersionGroup section */
	};
	rootObject = 4BCA16C62B4A873A004367C3 /* Project object */;
}
